
Microsoft Visual Studio Solution File, Format Version 12.00
# Visual Studio Version 17
VisualStudioVersion = 17.0.31912.275
MinimumVisualStudioVersion = 10.0.40219.1
Project("{FAE04EC0-301F-11D3-BF4B-00C04F79EFBC}") = "SignalRPrimer.Server", "Server\SignalRPrimer.Server.csproj", "{0D6CEA8C-E9E9-4088-B829-A746BF14E67A}"
EndProject
Project("{FAE04EC0-301F-11D3-BF4B-00C04F79EFBC}") = "SignalRPrimer.Client", "Client\SignalRPrimer.Client.csproj", "{FE19FC73-F3B5-4374-9260-26E8D1778613}"
EndProject
Project("{FAE04EC0-301F-11D3-BF4B-00C04F79EFBC}") = "SignalRPrimer.Shared", "Shared\SignalRPrimer.Shared.csproj", "{20BB0E61-F215-4B87-BB32-22E36033A1BB}"
EndProject
Global
	GlobalSection(SolutionConfigurationPlatforms) = preSolution
		Debug|Any CPU = Debug|Any CPU
		Release|Any CPU = Release|Any CPU
	EndGlobalSection
	GlobalSection(ProjectConfigurationPlatforms) = postSolution
		{0D6CEA8C-E9E9-4088-B829-A746BF14E67A}.Debug|Any CPU.ActiveCfg = Debug|Any CPU
		{0D6CEA8C-E9E9-4088-B829-A746BF14E67A}.Debug|Any CPU.Build.0 = Debug|Any CPU
		{0D6CEA8C-E9E9-4088-B829-A746BF14E67A}.Release|Any CPU.ActiveCfg = Release|Any CPU
		{0D6CEA8C-E9E9-4088-B829-A746BF14E67A}.Release|Any CPU.Build.0 = Release|Any CPU
		{FE19FC73-F3B5-4374-9260-26E8D1778613}.Debug|Any CPU.ActiveCfg = Debug|Any CPU
		{FE19FC73-F3B5-4374-9260-26E8D1778613}.Debug|Any CPU.Build.0 = Debug|Any CPU
		{FE19FC73-F3B5-4374-9260-26E8D1778613}.Release|Any CPU.ActiveCfg = Release|Any CPU
		{FE19FC73-F3B5-4374-9260-26E8D1778613}.Release|Any CPU.Build.0 = Release|Any CPU
		{20BB0E61-F215-4B87-BB32-22E36033A1BB}.Debug|Any CPU.ActiveCfg = Debug|Any CPU
		{20BB0E61-F215-4B87-BB32-22E36033A1BB}.Debug|Any CPU.Build.0 = Debug|Any CPU
		{20BB0E61-F215-4B87-BB32-22E36033A1BB}.Release|Any CPU.ActiveCfg = Release|Any CPU
		{20BB0E61-F215-4B87-BB32-22E36033A1BB}.Release|Any CPU.Build.0 = Release|Any CPU
	EndGlobalSection
	GlobalSection(SolutionProperties) = preSolution
		HideSolutionNode = FALSE
	EndGlobalSection
	GlobalSection(ExtensibilityGlobals) = postSolution
		SolutionGuid = {D84DC3D0-1E7A-49E1-A534-2C79D3E6C281}
	EndGlobalSection
EndGlobal
